
Microsoft Visual Studio Solution File, Format Version 12.00
# Visual Studio 14
VisualStudioVersion = 14.0.24720.0
MinimumVisualStudioVersion = 10.0.40219.1
Project("{FAE04EC0-301F-11D3-BF4B-00C04F79EFBC}") = "Lab2", "Lab2\Lab2.csproj", "{B8DEBD09-5DFE-4250-8129-65C8104ECC51}"
EndProject
Project("{FAE04EC0-301F-11D3-BF4B-00C04F79EFBC}") = "Lab3", "Lab3\Lab3.csproj", "{9226002F-AC3D-4077-9F18-C35FFC0E19FA}"
EndProject
Project("{FAE04EC0-301F-11D3-BF4B-00C04F79EFBC}") = "Lab4", "Lab4\Lab4.csproj", "{FB15C964-B0EF-41DF-B447-9E1D07A01488}"
EndProject
Project("{FAE04EC0-301F-11D3-BF4B-00C04F79EFBC}") = "Lab8", "Lab8\Lab8.csproj", "{44427003-01B4-4692-B285-61A697733BCA}"
EndProject
Project("{FAE04EC0-301F-11D3-BF4B-00C04F79EFBC}") = "Lab9", "Lab9\Lab9.csproj", "{6D9FCA54-A2D1-4073-96B7-1AC943824CAE}"
EndProject
Project("{FAE04EC0-301F-11D3-BF4B-00C04F79EFBC}") = "Lab10", "Lab10\Lab10.csproj", "{B0023F3B-A4F2-4157-B1BE-7E6C364B372C}"
EndProject
Project("{FAE04EC0-301F-11D3-BF4B-00C04F79EFBC}") = "Lab11", "Lab11\Lab11.csproj", "{66DCF810-1344-4D75-AEE5-892871BEB9B6}"
EndProject
Global
	GlobalSection(SolutionConfigurationPlatforms) = preSolution
		Debug|Any CPU = Debug|Any CPU
		Release|Any CPU = Release|Any CPU
	EndGlobalSection
	GlobalSection(ProjectConfigurationPlatforms) = postSolution
		{B8DEBD09-5DFE-4250-8129-65C8104ECC51}.Debug|Any CPU.ActiveCfg = Debug|Any CPU
		{B8DEBD09-5DFE-4250-8129-65C8104ECC51}.Debug|Any CPU.Build.0 = Debug|Any CPU
		{B8DEBD09-5DFE-4250-8129-65C8104ECC51}.Release|Any CPU.ActiveCfg = Release|Any CPU
		{B8DEBD09-5DFE-4250-8129-65C8104ECC51}.Release|Any CPU.Build.0 = Release|Any CPU
		{9226002F-AC3D-4077-9F18-C35FFC0E19FA}.Debug|Any CPU.ActiveCfg = Debug|Any CPU
		{9226002F-AC3D-4077-9F18-C35FFC0E19FA}.Debug|Any CPU.Build.0 = Debug|Any CPU
		{9226002F-AC3D-4077-9F18-C35FFC0E19FA}.Release|Any CPU.ActiveCfg = Release|Any CPU
		{9226002F-AC3D-4077-9F18-C35FFC0E19FA}.Release|Any CPU.Build.0 = Release|Any CPU
		{FB15C964-B0EF-41DF-B447-9E1D07A01488}.Debug|Any CPU.ActiveCfg = Debug|Any CPU
		{FB15C964-B0EF-41DF-B447-9E1D07A01488}.Debug|Any CPU.Build.0 = Debug|Any CPU
		{FB15C964-B0EF-41DF-B447-9E1D07A01488}.Release|Any CPU.ActiveCfg = Release|Any CPU
		{FB15C964-B0EF-41DF-B447-9E1D07A01488}.Release|Any CPU.Build.0 = Release|Any CPU
		{44427003-01B4-4692-B285-61A697733BCA}.Debug|Any CPU.ActiveCfg = Debug|Any CPU
		{44427003-01B4-4692-B285-61A697733BCA}.Debug|Any CPU.Build.0 = Debug|Any CPU
		{44427003-01B4-4692-B285-61A697733BCA}.Release|Any CPU.ActiveCfg = Release|Any CPU
		{44427003-01B4-4692-B285-61A697733BCA}.Release|Any CPU.Build.0 = Release|Any CPU
		{6D9FCA54-A2D1-4073-96B7-1AC943824CAE}.Debug|Any CPU.ActiveCfg = Debug|Any CPU
		{6D9FCA54-A2D1-4073-96B7-1AC943824CAE}.Debug|Any CPU.Build.0 = Debug|Any CPU
		{6D9FCA54-A2D1-4073-96B7-1AC943824CAE}.Release|Any CPU.ActiveCfg = Release|Any CPU
		{6D9FCA54-A2D1-4073-96B7-1AC943824CAE}.Release|Any CPU.Build.0 = Release|Any CPU
		{B0023F3B-A4F2-4157-B1BE-7E6C364B372C}.Debug|Any CPU.ActiveCfg = Debug|Any CPU
		{B0023F3B-A4F2-4157-B1BE-7E6C364B372C}.Debug|Any CPU.Build.0 = Debug|Any CPU
		{B0023F3B-A4F2-4157-B1BE-7E6C364B372C}.Release|Any CPU.ActiveCfg = Release|Any CPU
		{B0023F3B-A4F2-4157-B1BE-7E6C364B372C}.Release|Any CPU.Build.0 = Release|Any CPU
		{66DCF810-1344-4D75-AEE5-892871BEB9B6}.Debug|Any CPU.ActiveCfg = Debug|Any CPU
		{66DCF810-1344-4D75-AEE5-892871BEB9B6}.Debug|Any CPU.Build.0 = Debug|Any CPU
		{66DCF810-1344-4D75-AEE5-892871BEB9B6}.Release|Any CPU.ActiveCfg = Release|Any CPU
		{66DCF810-1344-4D75-AEE5-892871BEB9B6}.Release|Any CPU.Build.0 = Release|Any CPU
	EndGlobalSection
	GlobalSection(SolutionProperties) = preSolution
		HideSolutionNode = FALSE
	EndGlobalSection
EndGlobal
